// !$*UTF8*$!
{
	archiveVersion = 1;
	classes = {
	};
	objectVersion = 46;
	objects = {

/* Begin PBXBuildFile section */
		688FC7EC20496520002C79B3 /* MASCompositeConstraint.m in Sources */ = {isa = PBXBuildFile; fileRef = 688FC7C520496520002C79B3 /* MASCompositeConstraint.m */; };
		688FC7ED20496520002C79B3 /* MASConstraint.m in Sources */ = {isa = PBXBuildFile; fileRef = 688FC7C820496520002C79B3 /* MASConstraint.m */; };
		688FC7EE20496520002C79B3 /* MASConstraintMaker.m in Sources */ = {isa = PBXBuildFile; fileRef = 688FC7CA20496520002C79B3 /* MASConstraintMaker.m */; };
		688FC7EF20496520002C79B3 /* MASLayoutConstraint.m in Sources */ = {isa = PBXBuildFile; fileRef = 688FC7CC20496520002C79B3 /* MASLayoutConstraint.m */; };
		688FC7F020496520002C79B3 /* MASViewAttribute.m in Sources */ = {isa = PBXBuildFile; fileRef = 688FC7D020496520002C79B3 /* MASViewAttribute.m */; };
		688FC7F120496520002C79B3 /* MASViewConstraint.m in Sources */ = {isa = PBXBuildFile; fileRef = 688FC7D220496520002C79B3 /* MASViewConstraint.m */; };
		688FC7F220496520002C79B3 /* NSArray+MASAdditions.m in Sources */ = {isa = PBXBuildFile; fileRef = 688FC7D420496520002C79B3 /* NSArray+MASAdditions.m */; };
		688FC7F320496520002C79B3 /* NSLayoutConstraint+MASDebugAdditions.m in Sources */ = {isa = PBXBuildFile; fileRef = 688FC7D720496520002C79B3 /* NSLayoutConstraint+MASDebugAdditions.m */; };
		688FC7F420496520002C79B3 /* View+MASAdditions.m in Sources */ = {isa = PBXBuildFile; fileRef = 688FC7D920496520002C79B3 /* View+MASAdditions.m */; };
		688FC7F520496520002C79B3 /* ViewController+MASAdditions.m in Sources */ = {isa = PBXBuildFile; fileRef = 688FC7DC20496520002C79B3 /* ViewController+MASAdditions.m */; };
		688FC7F620496520002C79B3 /* SRBrightnessView.m in Sources */ = {isa = PBXBuildFile; fileRef = 688FC7DE20496520002C79B3 /* SRBrightnessView.m */; };
		688FC7F720496520002C79B3 /* SRPlayerLayerView.m in Sources */ = {isa = PBXBuildFile; fileRef = 688FC7E020496520002C79B3 /* SRPlayerLayerView.m */; };
		688FC7F820496520002C79B3 /* SRVideoBottomBar.m in Sources */ = {isa = PBXBuildFile; fileRef = 688FC7E220496520002C79B3 /* SRVideoBottomBar.m */; };
		688FC7F920496520002C79B3 /* SRVideoDownloader.m in Sources */ = {isa = PBXBuildFile; fileRef = 688FC7E420496520002C79B3 /* SRVideoDownloader.m */; };
		688FC7FA20496520002C79B3 /* SRVideoPlayer.bundle in Resources */ = {isa = PBXBuildFile; fileRef = 688FC7E520496520002C79B3 /* SRVideoPlayer.bundle */; };
		688FC7FB20496520002C79B3 /* SRVideoPlayer.m in Sources */ = {isa = PBXBuildFile; fileRef = 688FC7E720496520002C79B3 /* SRVideoPlayer.m */; };
		688FC7FC20496520002C79B3 /* SRVideoProgressTip.m in Sources */ = {isa = PBXBuildFile; fileRef = 688FC7E920496520002C79B3 /* SRVideoProgressTip.m */; };
		688FC7FD20496520002C79B3 /* SRVideoTopBar.m in Sources */ = {isa = PBXBuildFile; fileRef = 688FC7EB20496520002C79B3 /* SRVideoTopBar.m */; };
		68E1AE0A1E24808400404611 /* main.m in Sources */ = {isa = PBXBuildFile; fileRef = 68E1AE091E24808400404611 /* main.m */; };
		68E1AE0D1E24808400404611 /* AppDelegate.m in Sources */ = {isa = PBXBuildFile; fileRef = 68E1AE0C1E24808400404611 /* AppDelegate.m */; };
		68E1AE101E24808400404611 /* ViewController.m in Sources */ = {isa = PBXBuildFile; fileRef = 68E1AE0F1E24808400404611 /* ViewController.m */; };
		68E1AE131E24808400404611 /* Main.storyboard in Resources */ = {isa = PBXBuildFile; fileRef = 68E1AE111E24808400404611 /* Main.storyboard */; };
		68E1AE151E24808400404611 /* Assets.xcassets in Resources */ = {isa = PBXBuildFile; fileRef = 68E1AE141E24808400404611 /* Assets.xcassets */; };
		68E1AE3E1E2480A800404611 /* SRDownloadManager.m in Sources */ = {isa = PBXBuildFile; fileRef = 68E1AE3D1E2480A800404611 /* SRDownloadManager.m */; };
		68E1AE411E2480B500404611 /* SRDownloadModel.m in Sources */ = {isa = PBXBuildFile; fileRef = 68E1AE401E2480B500404611 /* SRDownloadModel.m */; };
		6EBF581A1EB1162C00B2B986 /* LaunchScreen.storyboard in Resources */ = {isa = PBXBuildFile; fileRef = 6EBF58191EB1162C00B2B986 /* LaunchScreen.storyboard */; };
/* End PBXBuildFile section */

/* Begin PBXFileReference section */
		688FC7C420496520002C79B3 /* MASCompositeConstraint.h */ = {isa = PBXFileReference; fileEncoding = 4; lastKnownFileType = sourcecode.c.h; path = MASCompositeConstraint.h; sourceTree = "<group>"; };
		688FC7C520496520002C79B3 /* MASCompositeConstraint.m */ = {isa = PBXFileReference; fileEncoding = 4; lastKnownFileType = sourcecode.c.objc; path = MASCompositeConstraint.m; sourceTree = "<group>"; };
		688FC7C620496520002C79B3 /* MASConstraint+Private.h */ = {isa = PBXFileReference; fileEncoding = 4; lastKnownFileType = sourcecode.c.h; path = "MASConstraint+Private.h"; sourceTree = "<group>"; };
		688FC7C720496520002C79B3 /* MASConstraint.h */ = {isa = PBXFileReference; fileEncoding = 4; lastKnownFileType = sourcecode.c.h; path = MASConstraint.h; sourceTree = "<group>"; };
		688FC7C820496520002C79B3 /* MASConstraint.m */ = {isa = PBXFileReference; fileEncoding = 4; lastKnownFileType = sourcecode.c.objc; path = MASConstraint.m; sourceTree = "<group>"; };
		688FC7C920496520002C79B3 /* MASConstraintMaker.h */ = {isa = PBXFileReference; fileEncoding = 4; lastKnownFileType = sourcecode.c.h; path = MASConstraintMaker.h; sourceTree = "<group>"; };
		688FC7CA20496520002C79B3 /* MASConstraintMaker.m */ = {isa = PBXFileReference; fileEncoding = 4; lastKnownFileType = sourcecode.c.objc; path = MASConstraintMaker.m; sourceTree = "<group>"; };
		688FC7CB20496520002C79B3 /* MASLayoutConstraint.h */ = {isa = PBXFileReference; fileEncoding = 4; lastKnownFileType = sourcecode.c.h; path = MASLayoutConstraint.h; sourceTree = "<group>"; };
		688FC7CC20496520002C79B3 /* MASLayoutConstraint.m */ = {isa = PBXFileReference; fileEncoding = 4; lastKnownFileType = sourcecode.c.objc; path = MASLayoutConstraint.m; sourceTree = "<group>"; };
		688FC7CD20496520002C79B3 /* Masonry.h */ = {isa = PBXFileReference; fileEncoding = 4; lastKnownFileType = sourcecode.c.h; path = Masonry.h; sourceTree = "<group>"; };
		688FC7CE20496520002C79B3 /* MASUtilities.h */ = {isa = PBXFileReference; fileEncoding = 4; lastKnownFileType = sourcecode.c.h; path = MASUtilities.h; sourceTree = "<group>"; };
		688FC7CF20496520002C79B3 /* MASViewAttribute.h */ = {isa = PBXFileReference; fileEncoding = 4; lastKnownFileType = sourcecode.c.h; path = MASViewAttribute.h; sourceTree = "<group>"; };
		688FC7D020496520002C79B3 /* MASViewAttribute.m */ = {isa = PBXFileReference; fileEncoding = 4; lastKnownFileType = sourcecode.c.objc; path = MASViewAttribute.m; sourceTree = "<group>"; };
		688FC7D120496520002C79B3 /* MASViewConstraint.h */ = {isa = PBXFileReference; fileEncoding = 4; lastKnownFileType = sourcecode.c.h; path = MASViewConstraint.h; sourceTree = "<group>"; };
		688FC7D220496520002C79B3 /* MASViewConstraint.m */ = {isa = PBXFileReference; fileEncoding = 4; lastKnownFileType = sourcecode.c.objc; path = MASViewConstraint.m; sourceTree = "<group>"; };
		688FC7D320496520002C79B3 /* NSArray+MASAdditions.h */ = {isa = PBXFileReference; fileEncoding = 4; lastKnownFileType = sourcecode.c.h; path = "NSArray+MASAdditions.h"; sourceTree = "<group>"; };
		688FC7D420496520002C79B3 /* NSArray+MASAdditions.m */ = {isa = PBXFileReference; fileEncoding = 4; lastKnownFileType = sourcecode.c.objc; path = "NSArray+MASAdditions.m"; sourceTree = "<group>"; };
		688FC7D520496520002C79B3 /* NSArray+MASShorthandAdditions.h */ = {isa = PBXFileReference; fileEncoding = 4; lastKnownFileType = sourcecode.c.h; path = "NSArray+MASShorthandAdditions.h"; sourceTree = "<group>"; };
		688FC7D620496520002C79B3 /* NSLayoutConstraint+MASDebugAdditions.h */ = {isa = PBXFileReference; fileEncoding = 4; lastKnownFileType = sourcecode.c.h; path = "NSLayoutConstraint+MASDebugAdditions.h"; sourceTree = "<group>"; };
		688FC7D720496520002C79B3 /* NSLayoutConstraint+MASDebugAdditions.m */ = {isa = PBXFileReference; fileEncoding = 4; lastKnownFileType = sourcecode.c.objc; path = "NSLayoutConstraint+MASDebugAdditions.m"; sourceTree = "<group>"; };
		688FC7D820496520002C79B3 /* View+MASAdditions.h */ = {isa = PBXFileReference; fileEncoding = 4; lastKnownFileType = sourcecode.c.h; path = "View+MASAdditions.h"; sourceTree = "<group>"; };
		688FC7D920496520002C79B3 /* View+MASAdditions.m */ = {isa = PBXFileReference; fileEncoding = 4; lastKnownFileType = sourcecode.c.objc; path = "View+MASAdditions.m"; sourceTree = "<group>"; };
		688FC7DA20496520002C79B3 /* View+MASShorthandAdditions.h */ = {isa = PBXFileReference; fileEncoding = 4; lastKnownFileType = sourcecode.c.h; path = "View+MASShorthandAdditions.h"; sourceTree = "<group>"; };
		688FC7DB20496520002C79B3 /* ViewController+MASAdditions.h */ = {isa = PBXFileReference; fileEncoding = 4; lastKnownFileType = sourcecode.c.h; path = "ViewController+MASAdditions.h"; sourceTree = "<group>"; };
		688FC7DC20496520002C79B3 /* ViewController+MASAdditions.m */ = {isa = PBXFileReference; fileEncoding = 4; lastKnownFileType = sourcecode.c.objc; path = "ViewController+MASAdditions.m"; sourceTree = "<group>"; };
		688FC7DD20496520002C79B3 /* SRBrightnessView.h */ = {isa = PBXFileReference; fileEncoding = 4; lastKnownFileType = sourcecode.c.h; path = SRBrightnessView.h; sourceTree = "<group>"; };
		688FC7DE20496520002C79B3 /* SRBrightnessView.m */ = {isa = PBXFileReference; fileEncoding = 4; lastKnownFileType = sourcecode.c.objc; path = SRBrightnessView.m; sourceTree = "<group>"; };
		688FC7DF20496520002C79B3 /* SRPlayerLayerView.h */ = {isa = PBXFileReference; fileEncoding = 4; lastKnownFileType = sourcecode.c.h; path = SRPlayerLayerView.h; sourceTree = "<group>"; };
		688FC7E020496520002C79B3 /* SRPlayerLayerView.m */ = {isa = PBXFileReference; fileEncoding = 4; lastKnownFileType = sourcecode.c.objc; path = SRPlayerLayerView.m; sourceTree = "<group>"; };
		688FC7E120496520002C79B3 /* SRVideoBottomBar.h */ = {isa = PBXFileReference; fileEncoding = 4; lastKnownFileType = sourcecode.c.h; path = SRVideoBottomBar.h; sourceTree = "<group>"; };
		688FC7E220496520002C79B3 /* SRVideoBottomBar.m */ = {isa = PBXFileReference; fileEncoding = 4; lastKnownFileType = sourcecode.c.objc; path = SRVideoBottomBar.m; sourceTree = "<group>"; };
		688FC7E320496520002C79B3 /* SRVideoDownloader.h */ = {isa = PBXFileReference; fileEncoding = 4; lastKnownFileType = sourcecode.c.h; path = SRVideoDownloader.h; sourceTree = "<group>"; };
		688FC7E420496520002C79B3 /* SRVideoDownloader.m */ = {isa = PBXFileReference; fileEncoding = 4; lastKnownFileType = sourcecode.c.objc; path = SRVideoDownloader.m; sourceTree = "<group>"; };
		688FC7E520496520002C79B3 /* SRVideoPlayer.bundle */ = {isa = PBXFileReference; lastKnownFileType = "wrapper.plug-in"; path = SRVideoPlayer.bundle; sourceTree = "<group>"; };
		688FC7E620496520002C79B3 /* SRVideoPlayer.h */ = {isa = PBXFileReference; fileEncoding = 4; lastKnownFileType = sourcecode.c.h; path = SRVideoPlayer.h; sourceTree = "<group>"; };
		688FC7E720496520002C79B3 /* SRVideoPlayer.m */ = {isa = PBXFileReference; fileEncoding = 4; lastKnownFileType = sourcecode.c.objc; path = SRVideoPlayer.m; sourceTree = "<group>"; };
		688FC7E820496520002C79B3 /* SRVideoProgressTip.h */ = {isa = PBXFileReference; fileEncoding = 4; lastKnownFileType = sourcecode.c.h; path = SRVideoProgressTip.h; sourceTree = "<group>"; };
		688FC7E920496520002C79B3 /* SRVideoProgressTip.m */ = {isa = PBXFileReference; fileEncoding = 4; lastKnownFileType = sourcecode.c.objc; path = SRVideoProgressTip.m; sourceTree = "<group>"; };
		688FC7EA20496520002C79B3 /* SRVideoTopBar.h */ = {isa = PBXFileReference; fileEncoding = 4; lastKnownFileType = sourcecode.c.h; path = SRVideoTopBar.h; sourceTree = "<group>"; };
		688FC7EB20496520002C79B3 /* SRVideoTopBar.m */ = {isa = PBXFileReference; fileEncoding = 4; lastKnownFileType = sourcecode.c.objc; path = SRVideoTopBar.m; sourceTree = "<group>"; };
		68E1AE051E24808400404611 /* SRDownloadManagerDemo.app */ = {isa = PBXFileReference; explicitFileType = wrapper.application; includeInIndex = 0; path = SRDownloadManagerDemo.app; sourceTree = BUILT_PRODUCTS_DIR; };
		68E1AE091E24808400404611 /* main.m */ = {isa = PBXFileReference; lastKnownFileType = sourcecode.c.objc; path = main.m; sourceTree = "<group>"; };
		68E1AE0B1E24808400404611 /* AppDelegate.h */ = {isa = PBXFileReference; lastKnownFileType = sourcecode.c.h; path = AppDelegate.h; sourceTree = "<group>"; };
		68E1AE0C1E24808400404611 /* AppDelegate.m */ = {isa = PBXFileReference; lastKnownFileType = sourcecode.c.objc; path = AppDelegate.m; sourceTree = "<group>"; };
		68E1AE0E1E24808400404611 /* ViewController.h */ = {isa = PBXFileReference; lastKnownFileType = sourcecode.c.h; path = ViewController.h; sourceTree = "<group>"; };
		68E1AE0F1E24808400404611 /* ViewController.m */ = {isa = PBXFileReference; lastKnownFileType = sourcecode.c.objc; path = ViewController.m; sourceTree = "<group>"; };
		68E1AE121E24808400404611 /* Base */ = {isa = PBXFileReference; lastKnownFileType = file.storyboard; name = Base; path = Base.lproj/Main.storyboard; sourceTree = "<group>"; };
		68E1AE141E24808400404611 /* Assets.xcassets */ = {isa = PBXFileReference; lastKnownFileType = folder.assetcatalog; path = Assets.xcassets; sourceTree = "<group>"; };
		68E1AE191E24808400404611 /* Info.plist */ = {isa = PBXFileReference; lastKnownFileType = text.plist.xml; path = Info.plist; sourceTree = "<group>"; };
		68E1AE3C1E2480A800404611 /* SRDownloadManager.h */ = {isa = PBXFileReference; fileEncoding = 4; lastKnownFileType = sourcecode.c.h; path = SRDownloadManager.h; sourceTree = "<group>"; };
		68E1AE3D1E2480A800404611 /* SRDownloadManager.m */ = {isa = PBXFileReference; fileEncoding = 4; lastKnownFileType = sourcecode.c.objc; path = SRDownloadManager.m; sourceTree = "<group>"; };
		68E1AE3F1E2480B500404611 /* SRDownloadModel.h */ = {isa = PBXFileReference; fileEncoding = 4; lastKnownFileType = sourcecode.c.h; path = SRDownloadModel.h; sourceTree = "<group>"; };
		68E1AE401E2480B500404611 /* SRDownloadModel.m */ = {isa = PBXFileReference; fileEncoding = 4; lastKnownFileType = sourcecode.c.objc; path = SRDownloadModel.m; sourceTree = "<group>"; };
		6EBF58191EB1162C00B2B986 /* LaunchScreen.storyboard */ = {isa = PBXFileReference; fileEncoding = 4; lastKnownFileType = file.storyboard; path = LaunchScreen.storyboard; sourceTree = "<group>"; };
/* End PBXFileReference section */

/* Begin PBXFrameworksBuildPhase section */
		68E1AE021E24808400404611 /* Frameworks */ = {
			isa = PBXFrameworksBuildPhase;
			buildActionMask = 2147483647;
			files = (
			);
			runOnlyForDeploymentPostprocessing = 0;
		};
/* End PBXFrameworksBuildPhase section */

/* Begin PBXGroup section */
		688FC7C220496520002C79B3 /* SRVideoPlayer */ = {
			isa = PBXGroup;
			children = (
				688FC7C320496520002C79B3 /* Masonry */,
				688FC7DD20496520002C79B3 /* SRBrightnessView.h */,
				688FC7DE20496520002C79B3 /* SRBrightnessView.m */,
				688FC7DF20496520002C79B3 /* SRPlayerLayerView.h */,
				688FC7E020496520002C79B3 /* SRPlayerLayerView.m */,
				688FC7E120496520002C79B3 /* SRVideoBottomBar.h */,
				688FC7E220496520002C79B3 /* SRVideoBottomBar.m */,
				688FC7E320496520002C79B3 /* SRVideoDownloader.h */,
				688FC7E420496520002C79B3 /* SRVideoDownloader.m */,
				688FC7E520496520002C79B3 /* SRVideoPlayer.bundle */,
				688FC7E620496520002C79B3 /* SRVideoPlayer.h */,
				688FC7E720496520002C79B3 /* SRVideoPlayer.m */,
				688FC7E820496520002C79B3 /* SRVideoProgressTip.h */,
				688FC7E920496520002C79B3 /* SRVideoProgressTip.m */,
				688FC7EA20496520002C79B3 /* SRVideoTopBar.h */,
				688FC7EB20496520002C79B3 /* SRVideoTopBar.m */,
			);
			path = SRVideoPlayer;
			sourceTree = "<group>";
		};
		688FC7C320496520002C79B3 /* Masonry */ = {
			isa = PBXGroup;
			children = (
				688FC7C420496520002C79B3 /* MASCompositeConstraint.h */,
				688FC7C520496520002C79B3 /* MASCompositeConstraint.m */,
				688FC7C620496520002C79B3 /* MASConstraint+Private.h */,
				688FC7C720496520002C79B3 /* MASConstraint.h */,
				688FC7C820496520002C79B3 /* MASConstraint.m */,
				688FC7C920496520002C79B3 /* MASConstraintMaker.h */,
				688FC7CA20496520002C79B3 /* MASConstraintMaker.m */,
				688FC7CB20496520002C79B3 /* MASLayoutConstraint.h */,
				688FC7CC20496520002C79B3 /* MASLayoutConstraint.m */,
				688FC7CD20496520002C79B3 /* Masonry.h */,
				688FC7CE20496520002C79B3 /* MASUtilities.h */,
				688FC7CF20496520002C79B3 /* MASViewAttribute.h */,
				688FC7D020496520002C79B3 /* MASViewAttribute.m */,
				688FC7D120496520002C79B3 /* MASViewConstraint.h */,
				688FC7D220496520002C79B3 /* MASViewConstraint.m */,
				688FC7D320496520002C79B3 /* NSArray+MASAdditions.h */,
				688FC7D420496520002C79B3 /* NSArray+MASAdditions.m */,
				688FC7D520496520002C79B3 /* NSArray+MASShorthandAdditions.h */,
				688FC7D620496520002C79B3 /* NSLayoutConstraint+MASDebugAdditions.h */,
				688FC7D720496520002C79B3 /* NSLayoutConstraint+MASDebugAdditions.m */,
				688FC7D820496520002C79B3 /* View+MASAdditions.h */,
				688FC7D920496520002C79B3 /* View+MASAdditions.m */,
				688FC7DA20496520002C79B3 /* View+MASShorthandAdditions.h */,
				688FC7DB20496520002C79B3 /* ViewController+MASAdditions.h */,
				688FC7DC20496520002C79B3 /* ViewController+MASAdditions.m */,
			);
			path = Masonry;
			sourceTree = "<group>";
		};
		68E1ADFC1E24808400404611 = {
			isa = PBXGroup;
			children = (
				68E1AE071E24808400404611 /* SRDownloadManagerDemo */,
				68E1AE061E24808400404611 /* Products */,
			);
			sourceTree = "<group>";
		};
		68E1AE061E24808400404611 /* Products */ = {
			isa = PBXGroup;
			children = (
				68E1AE051E24808400404611 /* SRDownloadManagerDemo.app */,
			);
			name = Products;
			sourceTree = "<group>";
		};
		68E1AE071E24808400404611 /* SRDownloadManagerDemo */ = {
			isa = PBXGroup;
			children = (
				68E1AE3B1E24809B00404611 /* SRDownloadManager */,
				68E1AE0E1E24808400404611 /* ViewController.h */,
				68E1AE0F1E24808400404611 /* ViewController.m */,
				68E1AE111E24808400404611 /* Main.storyboard */,
				68E1AE081E24808400404611 /* Supporting Files */,
			);
			path = SRDownloadManagerDemo;
			sourceTree = "<group>";
		};
		68E1AE081E24808400404611 /* Supporting Files */ = {
			isa = PBXGroup;
			children = (
				688FC7C220496520002C79B3 /* SRVideoPlayer */,
				68E1AE091E24808400404611 /* main.m */,
				68E1AE0B1E24808400404611 /* AppDelegate.h */,
				68E1AE0C1E24808400404611 /* AppDelegate.m */,
				6EBF58191EB1162C00B2B986 /* LaunchScreen.storyboard */,
				68E1AE141E24808400404611 /* Assets.xcassets */,
				68E1AE191E24808400404611 /* Info.plist */,
			);
			name = "Supporting Files";
			sourceTree = "<group>";
		};
		68E1AE3B1E24809B00404611 /* SRDownloadManager */ = {
			isa = PBXGroup;
			children = (
				68E1AE3C1E2480A800404611 /* SRDownloadManager.h */,
				68E1AE3D1E2480A800404611 /* SRDownloadManager.m */,
				68E1AE3F1E2480B500404611 /* SRDownloadModel.h */,
				68E1AE401E2480B500404611 /* SRDownloadModel.m */,
			);
			name = SRDownloadManager;
			path = ../../SRDownloadManager;
			sourceTree = "<group>";
		};
/* End PBXGroup section */

/* Begin PBXNativeTarget section */
		68E1AE041E24808400404611 /* SRDownloadManagerDemo */ = {
			isa = PBXNativeTarget;
			buildConfigurationList = 68E1AE321E24808500404611 /* Build configuration list for PBXNativeTarget "SRDownloadManagerDemo" */;
			buildPhases = (
				68E1AE011E24808400404611 /* Sources */,
				68E1AE021E24808400404611 /* Frameworks */,
				68E1AE031E24808400404611 /* Resources */,
			);
			buildRules = (
			);
			dependencies = (
			);
			name = SRDownloadManagerDemo;
			productName = SRDownloadManagerDemo;
			productReference = 68E1AE051E24808400404611 /* SRDownloadManagerDemo.app */;
			productType = "com.apple.product-type.application";
		};
/* End PBXNativeTarget section */

/* Begin PBXProject section */
		68E1ADFD1E24808400404611 /* Project object */ = {
			isa = PBXProject;
			attributes = {
				LastUpgradeCheck = 0940;
				ORGANIZATIONNAME = SR;
				TargetAttributes = {
					68E1AE041E24808400404611 = {
						CreatedOnToolsVersion = 8.1;
						DevelopmentTeam = L8C6M6B8E9;
						ProvisioningStyle = Manual;
					};
				};
			};
			buildConfigurationList = 68E1AE001E24808400404611 /* Build configuration list for PBXProject "SRDownloadManagerDemo" */;
			compatibilityVersion = "Xcode 3.2";
			developmentRegion = English;
			hasScannedForEncodings = 0;
			knownRegions = (
				en,
				Base,
			);
			mainGroup = 68E1ADFC1E24808400404611;
			productRefGroup = 68E1AE061E24808400404611 /* Products */;
			projectDirPath = "";
			projectRoot = "";
			targets = (
				68E1AE041E24808400404611 /* SRDownloadManagerDemo */,
			);
		};
/* End PBXProject section */

/* Begin PBXResourcesBuildPhase section */
		68E1AE031E24808400404611 /* Resources */ = {
			isa = PBXResourcesBuildPhase;
			buildActionMask = 2147483647;
			files = (
				6EBF581A1EB1162C00B2B986 /* LaunchScreen.storyboard in Resources */,
				688FC7FA20496520002C79B3 /* SRVideoPlayer.bundle in Resources */,
				68E1AE151E24808400404611 /* Assets.xcassets in Resources */,
				68E1AE131E24808400404611 /* Main.storyboard in Resources */,
			);
			runOnlyForDeploymentPostprocessing = 0;
		};
/* End PBXResourcesBuildPhase section */

/* Begin PBXSourcesBuildPhase section */
		68E1AE011E24808400404611 /* Sources */ = {
			isa = PBXSourcesBuildPhase;
			buildActionMask = 2147483647;
			files = (
				688FC7F320496520002C79B3 /* NSLayoutConstraint+MASDebugAdditions.m in Sources */,
				688FC7F820496520002C79B3 /* SRVideoBottomBar.m in Sources */,
				68E1AE101E24808400404611 /* ViewController.m in Sources */,
				688FC7F120496520002C79B3 /* MASViewConstraint.m in Sources */,
				68E1AE0D1E24808400404611 /* AppDelegate.m in Sources */,
				68E1AE411E2480B500404611 /* SRDownloadModel.m in Sources */,
				688FC7F920496520002C79B3 /* SRVideoDownloader.m in Sources */,
				688FC7FB20496520002C79B3 /* SRVideoPlayer.m in Sources */,
				68E1AE3E1E2480A800404611 /* SRDownloadManager.m in Sources */,
				688FC7F620496520002C79B3 /* SRBrightnessView.m in Sources */,
				688FC7F420496520002C79B3 /* View+MASAdditions.m in Sources */,
				688FC7EC20496520002C79B3 /* MASCompositeConstraint.m in Sources */,
				688FC7F020496520002C79B3 /* MASViewAttribute.m in Sources */,
				688FC7EE20496520002C79B3 /* MASConstraintMaker.m in Sources */,
				688FC7F220496520002C79B3 /* NSArray+MASAdditions.m in Sources */,
				688FC7F520496520002C79B3 /* ViewController+MASAdditions.m in Sources */,
				688FC7FD20496520002C79B3 /* SRVideoTopBar.m in Sources */,
				688FC7F720496520002C79B3 /* SRPlayerLayerView.m in Sources */,
				688FC7ED20496520002C79B3 /* MASConstraint.m in Sources */,
				688FC7FC20496520002C79B3 /* SRVideoProgressTip.m in Sources */,
				688FC7EF20496520002C79B3 /* MASLayoutConstraint.m in Sources */,
				68E1AE0A1E24808400404611 /* main.m in Sources */,
			);
			runOnlyForDeploymentPostprocessing = 0;
		};
/* End PBXSourcesBuildPhase section */

/* Begin PBXVariantGroup section */
		68E1AE111E24808400404611 /* Main.storyboard */ = {
			isa = PBXVariantGroup;
			children = (
				68E1AE121E24808400404611 /* Base */,
			);
			name = Main.storyboard;
			sourceTree = "<group>";
		};
/* End PBXVariantGroup section */

/* Begin XCBuildConfiguration section */
		68E1AE301E24808500404611 /* Debug */ = {
			isa = XCBuildConfiguration;
			buildSettings = {
				ALWAYS_SEARCH_USER_PATHS = NO;
				CLANG_ANALYZER_NONNULL = YES;
				CLANG_CXX_LANGUAGE_STANDARD = "gnu++0x";
				CLANG_CXX_LIBRARY = "libc++";
				CLANG_ENABLE_MODULES = YES;
				CLANG_ENABLE_OBJC_ARC = YES;
				CLANG_WARN_BLOCK_CAPTURE_AUTORELEASING = YES;
				CLANG_WARN_BOOL_CONVERSION = YES;
				CLANG_WARN_COMMA = YES;
				CLANG_WARN_CONSTANT_CONVERSION = YES;
				CLANG_WARN_DEPRECATED_OBJC_IMPLEMENTATIONS = YES;
				CLANG_WARN_DIRECT_OBJC_ISA_USAGE = YES_ERROR;
				CLANG_WARN_DOCUMENTATION_COMMENTS = YES;
				CLANG_WARN_EMPTY_BODY = YES;
				CLANG_WARN_ENUM_CONVERSION = YES;
				CLANG_WARN_INFINITE_RECURSION = YES;
				CLANG_WARN_INT_CONVERSION = YES;
				CLANG_WARN_NON_LITERAL_NULL_CONVERSION = YES;
				CLANG_WARN_OBJC_IMPLICIT_RETAIN_SELF = YES;
				CLANG_WARN_OBJC_LITERAL_CONVERSION = YES;
				CLANG_WARN_OBJC_ROOT_CLASS = YES_ERROR;
				CLANG_WARN_RANGE_LOOP_ANALYSIS = YES;
				CLANG_WARN_STRICT_PROTOTYPES = YES;
				CLANG_WARN_SUSPICIOUS_MOVE = YES;
				CLANG_WARN_SUSPICIOUS_MOVES = YES;
				CLANG_WARN_UNREACHABLE_CODE = YES;
				CLANG_WARN__DUPLICATE_METHOD_MATCH = YES;
				"CODE_SIGN_IDENTITY[sdk=iphoneos*]" = "iPhone Developer";
				COPY_PHASE_STRIP = NO;
				DEBUG_INFORMATION_FORMAT = dwarf;
				ENABLE_STRICT_OBJC_MSGSEND = YES;
				ENABLE_TESTABILITY = YES;
				GCC_C_LANGUAGE_STANDARD = gnu99;
				GCC_DYNAMIC_NO_PIC = NO;
				GCC_NO_COMMON_BLOCKS = YES;
				GCC_OPTIMIZATION_LEVEL = 0;
				GCC_PREPROCESSOR_DEFINITIONS = (
					"DEBUG=1",
					"$(inherited)",
				);
				GCC_WARN_64_TO_32_BIT_CONVERSION = YES;
				GCC_WARN_ABOUT_RETURN_TYPE = YES_ERROR;
				GCC_WARN_UNDECLARED_SELECTOR = YES;
				GCC_WARN_UNINITIALIZED_AUTOS = YES_AGGRESSIVE;
				GCC_WARN_UNUSED_FUNCTION = YES;
				GCC_WARN_UNUSED_VARIABLE = YES;
				IPHONEOS_DEPLOYMENT_TARGET = 10.1;
				MTL_ENABLE_DEBUG_INFO = YES;
				ONLY_ACTIVE_ARCH = YES;
				SDKROOT = iphoneos;
			};
			name = Debug;
		};
		68E1AE311E24808500404611 /* Release */ = {
			isa = XCBuildConfiguration;
			buildSettings = {
				ALWAYS_SEARCH_USER_PATHS = NO;
				CLANG_ANALYZER_NONNULL = YES;
				CLANG_CXX_LANGUAGE_STANDARD = "gnu++0x";
				CLANG_CXX_LIBRARY = "libc++";
				CLANG_ENABLE_MODULES = YES;
				CLANG_ENABLE_OBJC_ARC = YES;
				CLANG_WARN_BLOCK_CAPTURE_AUTORELEASING = YES;
				CLANG_WARN_BOOL_CONVERSION = YES;
				CLANG_WARN_COMMA = YES;
				CLANG_WARN_CONSTANT_CONVERSION = YES;
				CLANG_WARN_DEPRECATED_OBJC_IMPLEMENTATIONS = YES;
				CLANG_WARN_DIRECT_OBJC_ISA_USAGE = YES_ERROR;
				CLANG_WARN_DOCUMENTATION_COMMENTS = YES;
				CLANG_WARN_EMPTY_BODY = YES;
				CLANG_WARN_ENUM_CONVERSION = YES;
				CLANG_WARN_INFINITE_RECURSION = YES;
				CLANG_WARN_INT_CONVERSION = YES;
				CLANG_WARN_NON_LITERAL_NULL_CONVERSION = YES;
				CLANG_WARN_OBJC_IMPLICIT_RETAIN_SELF = YES;
				CLANG_WARN_OBJC_LITERAL_CONVERSION = YES;
				CLANG_WARN_OBJC_ROOT_CLASS = YES_ERROR;
				CLANG_WARN_RANGE_LOOP_ANALYSIS = YES;
				CLANG_WARN_STRICT_PROTOTYPES = YES;
				CLANG_WARN_SUSPICIOUS_MOVE = YES;
				CLANG_WARN_SUSPICIOUS_MOVES = YES;
				CLANG_WARN_UNREACHABLE_CODE = YES;
				CLANG_WARN__DUPLICATE_METHOD_MATCH = YES;
				"CODE_SIGN_IDENTITY[sdk=iphoneos*]" = "iPhone Developer";
				COPY_PHASE_STRIP = NO;
				DEBUG_INFORMATION_FORMAT = "dwarf-with-dsym";
				ENABLE_NS_ASSERTIONS = NO;
				ENABLE_STRICT_OBJC_MSGSEND = YES;
				GCC_C_LANGUAGE_STANDARD = gnu99;
				GCC_NO_COMMON_BLOCKS = YES;
				GCC_WARN_64_TO_32_BIT_CONVERSION = YES;
				GCC_WARN_ABOUT_RETURN_TYPE = YES_ERROR;
				GCC_WARN_UNDECLARED_SELECTOR = YES;
				GCC_WARN_UNINITIALIZED_AUTOS = YES_AGGRESSIVE;
				GCC_WARN_UNUSED_FUNCTION = YES;
				GCC_WARN_UNUSED_VARIABLE = YES;
				IPHONEOS_DEPLOYMENT_TARGET = 10.1;
				MTL_ENABLE_DEBUG_INFO = NO;
				SDKROOT = iphoneos;
				VALIDATE_PRODUCT = YES;
			};
			name = Release;
		};
		68E1AE331E24808500404611 /* Debug */ = {
			isa = XCBuildConfiguration;
			buildSettings = {
				ASSETCATALOG_COMPILER_APPICON_NAME = AppIcon;
				DEVELOPMENT_TEAM = L8C6M6B8E9;
				INFOPLIST_FILE = SRDownloadManagerDemo/Info.plist;
				IPHONEOS_DEPLOYMENT_TARGET = 9.0;
				LD_RUNPATH_SEARCH_PATHS = "$(inherited) @executable_path/Frameworks";
				PRODUCT_BUNDLE_IDENTIFIER = com.willing.SRDownloadManagerDemo;
				PRODUCT_NAME = "$(TARGET_NAME)";
				PROVISIONING_PROFILE = "41eaf476-bb76-4cb9-b2e9-b856cc3e9d97";
				PROVISIONING_PROFILE_SPECIFIER = "PP For All";
			};
			name = Debug;
		};
		68E1AE341E24808500404611 /* Release */ = {
			isa = XCBuildConfiguration;
			buildSettings = {
				ASSETCATALOG_COMPILER_APPICON_NAME = AppIcon;
				DEVELOPMENT_TEAM = L8C6M6B8E9;
				INFOPLIST_FILE = SRDownloadManagerDemo/Info.plist;
				IPHONEOS_DEPLOYMENT_TARGET = 9.0;
				LD_RUNPATH_SEARCH_PATHS = "$(inherited) @executable_path/Frameworks";
				PRODUCT_BUNDLE_IDENTIFIER = com.willing.SRDownloadManagerDemo;
				PRODUCT_NAME = "$(TARGET_NAME)";
				PROVISIONING_PROFILE = "41eaf476-bb76-4cb9-b2e9-b856cc3e9d97";
				PROVISIONING_PROFILE_SPECIFIER = "PP For All";
			};
			name = Release;
		};
/* End XCBuildConfiguration section */

/* Begin XCConfigurationList section */
		68E1AE001E24808400404611 /* Build configuration list for PBXProject "SRDownloadManagerDemo" */ = {
			isa = XCConfigurationList;
			buildConfigurations = (
				68E1AE301E24808500404611 /* Debug */,
				68E1AE311E24808500404611 /* Release */,
			);
			defaultConfigurationIsVisible = 0;
			defaultConfigurationName = Release;
		};
		68E1AE321E24808500404611 /* Build configuration list for PBXNativeTarget "SRDownloadManagerDemo" */ = {
			isa = XCConfigurationList;
			buildConfigurations = (
				68E1AE331E24808500404611 /* Debug */,
				68E1AE341E24808500404611 /* Release */,
			);
			defaultConfigurationIsVisible = 0;
			defaultConfigurationName = Release;
		};
/* End XCConfigurationList section */
	};
	rootObject = 68E1ADFD1E24808400404611 /* Project object */;
}
